
Microsoft Visual Studio Solution File, Format Version 12.00
# Visual Studio Version 17
VisualStudioVersion = 17.14.36327.8 d17.14
MinimumVisualStudioVersion = 10.0.40219.1
Project("{FAE04EC0-301F-11D3-BF4B-00C04F79EFBC}") = "Core", "Core\Core.csproj", "{ED585899-C627-42D5-914E-D3FD2553FC6B}"
EndProject
Project("{FAE04EC0-301F-11D3-BF4B-00C04F79EFBC}") = "ServerAPI", "ServerAPI\ServerAPI.csproj", "{74DB88CA-D054-4A5F-84EA-2AB9AEAC843D}"
EndProject
Project("{2150E333-8FDC-42A3-9474-1A3956D46DE8}") = "Tests", "Tests", "{02EA681E-C7D8-13C7-8484-4AC65E1B71E8}"
EndProject
Project("{FAE04EC0-301F-11D3-BF4B-00C04F79EFBC}") = "ServerAPI.Tests", "Tests\ServerAPI.Tests\ServerAPI.Tests.csproj", "{A75932C3-76A1-4B99-9568-8958A996C1BA}"
EndProject
Project("{FAE04EC0-301F-11D3-BF4B-00C04F79EFBC}") = "Core.Tests", "Tests\Core.Tests\Core.Tests.csproj", "{4FD60116-CFA3-4B3F-BEE0-42320CB0548E}"
EndProject
Project("{FAE04EC0-301F-11D3-BF4B-00C04F79EFBC}") = "WPFClient", "WPFClient\WPFClient.csproj", "{3C201E2C-D355-4016-8787-0206A46BB549}"
EndProject
Global
	GlobalSection(SolutionConfigurationPlatforms) = preSolution
		Debug|Any CPU = Debug|Any CPU
		Release|Any CPU = Release|Any CPU
	EndGlobalSection
	GlobalSection(ProjectConfigurationPlatforms) = postSolution
		{ED585899-C627-42D5-914E-D3FD2553FC6B}.Debug|Any CPU.ActiveCfg = Debug|Any CPU
		{ED585899-C627-42D5-914E-D3FD2553FC6B}.Debug|Any CPU.Build.0 = Debug|Any CPU
		{ED585899-C627-42D5-914E-D3FD2553FC6B}.Release|Any CPU.ActiveCfg = Release|Any CPU
		{ED585899-C627-42D5-914E-D3FD2553FC6B}.Release|Any CPU.Build.0 = Release|Any CPU
		{74DB88CA-D054-4A5F-84EA-2AB9AEAC843D}.Debug|Any CPU.ActiveCfg = Debug|Any CPU
		{74DB88CA-D054-4A5F-84EA-2AB9AEAC843D}.Debug|Any CPU.Build.0 = Debug|Any CPU
		{74DB88CA-D054-4A5F-84EA-2AB9AEAC843D}.Release|Any CPU.ActiveCfg = Release|Any CPU
		{74DB88CA-D054-4A5F-84EA-2AB9AEAC843D}.Release|Any CPU.Build.0 = Release|Any CPU
		{A75932C3-76A1-4B99-9568-8958A996C1BA}.Debug|Any CPU.ActiveCfg = Debug|Any CPU
		{A75932C3-76A1-4B99-9568-8958A996C1BA}.Debug|Any CPU.Build.0 = Debug|Any CPU
		{A75932C3-76A1-4B99-9568-8958A996C1BA}.Release|Any CPU.ActiveCfg = Release|Any CPU
		{A75932C3-76A1-4B99-9568-8958A996C1BA}.Release|Any CPU.Build.0 = Release|Any CPU
		{4FD60116-CFA3-4B3F-BEE0-42320CB0548E}.Debug|Any CPU.ActiveCfg = Debug|Any CPU
		{4FD60116-CFA3-4B3F-BEE0-42320CB0548E}.Debug|Any CPU.Build.0 = Debug|Any CPU
		{4FD60116-CFA3-4B3F-BEE0-42320CB0548E}.Release|Any CPU.ActiveCfg = Release|Any CPU
		{4FD60116-CFA3-4B3F-BEE0-42320CB0548E}.Release|Any CPU.Build.0 = Release|Any CPU
		{3C201E2C-D355-4016-8787-0206A46BB549}.Debug|Any CPU.ActiveCfg = Debug|Any CPU
		{3C201E2C-D355-4016-8787-0206A46BB549}.Debug|Any CPU.Build.0 = Debug|Any CPU
		{3C201E2C-D355-4016-8787-0206A46BB549}.Release|Any CPU.ActiveCfg = Release|Any CPU
		{3C201E2C-D355-4016-8787-0206A46BB549}.Release|Any CPU.Build.0 = Release|Any CPU
	EndGlobalSection
	GlobalSection(SolutionProperties) = preSolution
		HideSolutionNode = FALSE
	EndGlobalSection
	GlobalSection(NestedProjects) = preSolution
		{A75932C3-76A1-4B99-9568-8958A996C1BA} = {02EA681E-C7D8-13C7-8484-4AC65E1B71E8}
		{4FD60116-CFA3-4B3F-BEE0-42320CB0548E} = {02EA681E-C7D8-13C7-8484-4AC65E1B71E8}
	EndGlobalSection
	GlobalSection(ExtensibilityGlobals) = postSolution
		SolutionGuid = {9FBBE8BC-8259-412C-B21A-A5C073815320}
	EndGlobalSection
EndGlobal
